PODS:
  - DLRadioButton (1.4.8)
  - JTAppleCalendar (4.0.3)
  - Realm (1.0.2):
    - Realm/Headers (= 1.0.2)
  - Realm/Headers (1.0.2)
  - RealmSwift (1.0.2):
    - Realm (= 1.0.2)

DEPENDENCIES:
  - DLRadioButton (~> 1.4)
  - JTAppleCalendar
  - RealmSwift

SPEC CHECKSUMS:
  DLRadioButton: 8fe4865b3ea8a5236e1d114dd283dd0884d3dc46
  JTAppleCalendar: e92e2de6b4beea7dcd14eb2ba8ae3a6122fdf6d0
  Realm: 9d5c46a4d7d27958530a8dfc58f63a99e5c2cba3
  RealmSwift: 82f3ac5e24530143dddfde2033acc0d308f27d96

PODFILE CHECKSUM: a1087147c2d9cb3fdebb9544a9628c7aea4c7633

COCOAPODS: 1.0.1
