// !$*UTF8*$!
{
	archiveVersion = 1;
	classes = {
	};
	objectVersion = 46;
	objects = {

/* Begin PBXBuildFile section */
		B44653AF1D5271450035FCEA /* EmptyTableViewController.swift in Sources */ = {isa = PBXBuildFile; fileRef = B44653AE1D5271450035FCEA /* EmptyTableViewController.swift */; };
		B44653B11D53E1550035FCEA /* CellView.swift in Sources */ = {isa = PBXBuildFile; fileRef = B44653B01D53E1550035FCEA /* CellView.swift */; };
		B44653B31D53E1790035FCEA /* AnimationClass.swift in Sources */ = {isa = PBXBuildFile; fileRef = B44653B21D53E1790035FCEA /* AnimationClass.swift */; };
		B44653B51D53E1840035FCEA /* CellView.xib in Resources */ = {isa = PBXBuildFile; fileRef = B44653B41D53E1840035FCEA /* CellView.xib */; };
		B44653B71D53E18B0035FCEA /* CodeCellView.swift in Sources */ = {isa = PBXBuildFile; fileRef = B44653B61D53E18B0035FCEA /* CodeCellView.swift */; };
		B44653B91D53E1D80035FCEA /* AddController.swift in Sources */ = {isa = PBXBuildFile; fileRef = B44653B81D53E1D80035FCEA /* AddController.swift */; };
		B44653BD1D53E2300035FCEA /* HomeworkViewController.swift in Sources */ = {isa = PBXBuildFile; fileRef = B44653BA1D53E2300035FCEA /* HomeworkViewController.swift */; };
		B44653BE1D53E2300035FCEA /* TestViewController.swift in Sources */ = {isa = PBXBuildFile; fileRef = B44653BB1D53E2300035FCEA /* TestViewController.swift */; };
		B44653BF1D53E2300035FCEA /* EventViewController.swift in Sources */ = {isa = PBXBuildFile; fileRef = B44653BC1D53E2300035FCEA /* EventViewController.swift */; };
		B44653C11D53E2970035FCEA /* PlanController.swift in Sources */ = {isa = PBXBuildFile; fileRef = B44653C01D53E2970035FCEA /* PlanController.swift */; };
		B44653C31D53E29F0035FCEA /* TaskController.swift in Sources */ = {isa = PBXBuildFile; fileRef = B44653C21D53E29F0035FCEA /* TaskController.swift */; };
		B44653C51D53E2ED0035FCEA /* EventHelper.swift in Sources */ = {isa = PBXBuildFile; fileRef = B44653C41D53E2ED0035FCEA /* EventHelper.swift */; };
		B44653C71D53E2F50035FCEA /* Event.swift in Sources */ = {isa = PBXBuildFile; fileRef = B44653C61D53E2F50035FCEA /* Event.swift */; };
		B44653C91D53E3100035FCEA /* EventsTableViewCell.swift in Sources */ = {isa = PBXBuildFile; fileRef = B44653C81D53E3100035FCEA /* EventsTableViewCell.swift */; };
		B47601F21D38000800BEBDAD /* AppDelegate.swift in Sources */ = {isa = PBXBuildFile; fileRef = B47601F11D38000800BEBDAD /* AppDelegate.swift */; };
		B47601F71D38000800BEBDAD /* Main.storyboard in Resources */ = {isa = PBXBuildFile; fileRef = B47601F51D38000800BEBDAD /* Main.storyboard */; };
		B47601F91D38000800BEBDAD /* Assets.xcassets in Resources */ = {isa = PBXBuildFile; fileRef = B47601F81D38000800BEBDAD /* Assets.xcassets */; };
		B47601FC1D38000800BEBDAD /* LaunchScreen.storyboard in Resources */ = {isa = PBXBuildFile; fileRef = B47601FA1D38000800BEBDAD /* LaunchScreen.storyboard */; };
		D040345DC43EA5FC5049627D /* Pods_Prioriti.framework in Frameworks */ = {isa = PBXBuildFile; fileRef = 90A07BF5EBC5161E4267F2E6 /* Pods_Prioriti.framework */; };
/* End PBXBuildFile section */

/* Begin PBXFileReference section */
		19BE867DBF527C33D1B578E8 /* Pods-Prioriti.debug.xcconfig */ = {isa = PBXFileReference; includeInIndex = 1; lastKnownFileType = text.xcconfig; name = "Pods-Prioriti.debug.xcconfig"; path = "Pods/Target Support Files/Pods-Prioriti/Pods-Prioriti.debug.xcconfig"; sourceTree = "<group>"; };
		68D59722AE1158EC88C32152 /* Pods-Prioriti.release.xcconfig */ = {isa = PBXFileReference; includeInIndex = 1; lastKnownFileType = text.xcconfig; name = "Pods-Prioriti.release.xcconfig"; path = "Pods/Target Support Files/Pods-Prioriti/Pods-Prioriti.release.xcconfig"; sourceTree = "<group>"; };
		90A07BF5EBC5161E4267F2E6 /* Pods_Prioriti.framework */ = {isa = PBXFileReference; explicitFileType = wrapper.framework; includeInIndex = 0; path = Pods_Prioriti.framework; sourceTree = BUILT_PRODUCTS_DIR; };
		B43CC08E1D4BCC41003908A4 /* Prioriti-Bridging-Header.h */ = {isa = PBXFileReference; fileEncoding = 4; lastKnownFileType = sourcecode.c.h; name = "Prioriti-Bridging-Header.h"; path = "Prioriti/Prioriti-Bridging-Header.h"; sourceTree = SOURCE_ROOT; };
		B44653AE1D5271450035FCEA /* EmptyTableViewController.swift */ = {isa = PBXFileReference; fileEncoding = 4; lastKnownFileType = sourcecode.swift; path = EmptyTableViewController.swift; sourceTree = "<group>"; };
		B44653B01D53E1550035FCEA /* CellView.swift */ = {isa = PBXFileReference; fileEncoding = 4; lastKnownFileType = sourcecode.swift; path = CellView.swift; sourceTree = "<group>"; };
		B44653B21D53E1790035FCEA /* AnimationClass.swift */ = {isa = PBXFileReference; fileEncoding = 4; lastKnownFileType = sourcecode.swift; path = AnimationClass.swift; sourceTree = "<group>"; };
		B44653B41D53E1840035FCEA /* CellView.xib */ = {isa = PBXFileReference; fileEncoding = 4; lastKnownFileType = file.xib; path = CellView.xib; sourceTree = "<group>"; };
		B44653B61D53E18B0035FCEA /* CodeCellView.swift */ = {isa = PBXFileReference; fileEncoding = 4; lastKnownFileType = sourcecode.swift; path = CodeCellView.swift; sourceTree = "<group>"; };
		B44653B81D53E1D80035FCEA /* AddController.swift */ = {isa = PBXFileReference; fileEncoding = 4; lastKnownFileType = sourcecode.swift; path = AddController.swift; sourceTree = "<group>"; };
		B44653BA1D53E2300035FCEA /* HomeworkViewController.swift */ = {isa = PBXFileReference; fileEncoding = 4; lastKnownFileType = sourcecode.swift; path = HomeworkViewController.swift; sourceTree = "<group>"; };
		B44653BB1D53E2300035FCEA /* TestViewController.swift */ = {isa = PBXFileReference; fileEncoding = 4; lastKnownFileType = sourcecode.swift; path = TestViewController.swift; sourceTree = "<group>"; };
		B44653BC1D53E2300035FCEA /* EventViewController.swift */ = {isa = PBXFileReference; fileEncoding = 4; lastKnownFileType = sourcecode.swift; path = EventViewController.swift; sourceTree = "<group>"; };
		B44653C01D53E2970035FCEA /* PlanController.swift */ = {isa = PBXFileReference; fileEncoding = 4; lastKnownFileType = sourcecode.swift; path = PlanController.swift; sourceTree = "<group>"; };
		B44653C21D53E29F0035FCEA /* TaskController.swift */ = {isa = PBXFileReference; fileEncoding = 4; lastKnownFileType = sourcecode.swift; path = TaskController.swift; sourceTree = "<group>"; };
		B44653C41D53E2ED0035FCEA /* EventHelper.swift */ = {isa = PBXFileReference; fileEncoding = 4; lastKnownFileType = sourcecode.swift; path = EventHelper.swift; sourceTree = "<group>"; };
		B44653C61D53E2F50035FCEA /* Event.swift */ = {isa = PBXFileReference; fileEncoding = 4; lastKnownFileType = sourcecode.swift; path = Event.swift; sourceTree = "<group>"; };
		B44653C81D53E3100035FCEA /* EventsTableViewCell.swift */ = {isa = PBXFileReference; fileEncoding = 4; lastKnownFileType = sourcecode.swift; path = EventsTableViewCell.swift; sourceTree = "<group>"; };
		B47601EE1D38000800BEBDAD /* Prioriti.app */ = {isa = PBXFileReference; explicitFileType = wrapper.application; includeInIndex = 0; path = Prioriti.app; sourceTree = BUILT_PRODUCTS_DIR; };
		B47601F11D38000800BEBDAD /* AppDelegate.swift */ = {isa = PBXFileReference; lastKnownFileType = sourcecode.swift; path = AppDelegate.swift; sourceTree = "<group>"; };
		B47601F61D38000800BEBDAD /* Base */ = {isa = PBXFileReference; lastKnownFileType = file.storyboard; name = Base; path = Base.lproj/Main.storyboard; sourceTree = "<group>"; };
		B47601F81D38000800BEBDAD /* Assets.xcassets */ = {isa = PBXFileReference; lastKnownFileType = folder.assetcatalog; path = Assets.xcassets; sourceTree = "<group>"; };
		B47601FB1D38000800BEBDAD /* Base */ = {isa = PBXFileReference; lastKnownFileType = file.storyboard; name = Base; path = Base.lproj/LaunchScreen.storyboard; sourceTree = "<group>"; };
		B47601FD1D38000800BEBDAD /* Info.plist */ = {isa = PBXFileReference; lastKnownFileType = text.plist.xml; path = Info.plist; sourceTree = "<group>"; };
/* End PBXFileReference section */

/* Begin PBXFrameworksBuildPhase section */
		B47601EB1D38000800BEBDAD /* Frameworks */ = {
			isa = PBXFrameworksBuildPhase;
			buildActionMask = 2147483647;
			files = (
				D040345DC43EA5FC5049627D /* Pods_Prioriti.framework in Frameworks */,
			);
			runOnlyForDeploymentPostprocessing = 0;
		};
/* End PBXFrameworksBuildPhase section */

/* Begin PBXGroup section */
		6CEE9C0E8345022F5517FD57 /* Frameworks */ = {
			isa = PBXGroup;
			children = (
				90A07BF5EBC5161E4267F2E6 /* Pods_Prioriti.framework */,
			);
			name = Frameworks;
			sourceTree = "<group>";
		};
		B44653AD1D5270EC0035FCEA /* TableView */ = {
			isa = PBXGroup;
			children = (
				B44653C81D53E3100035FCEA /* EventsTableViewCell.swift */,
				B44653C21D53E29F0035FCEA /* TaskController.swift */,
				B44653AE1D5271450035FCEA /* EmptyTableViewController.swift */,
			);
			path = TableView;
			sourceTree = "<group>";
		};
		B465196D1D3818B90066E78B /* ViewControllers */ = {
			isa = PBXGroup;
			children = (
				B44653C01D53E2970035FCEA /* PlanController.swift */,
			);
			path = ViewControllers;
			sourceTree = "<group>";
		};
		B465196E1D3818DE0066E78B /* CellView */ = {
			isa = PBXGroup;
			children = (
				B44653B61D53E18B0035FCEA /* CodeCellView.swift */,
				B44653B41D53E1840035FCEA /* CellView.xib */,
				B44653B21D53E1790035FCEA /* AnimationClass.swift */,
				B44653B01D53E1550035FCEA /* CellView.swift */,
			);
			path = CellView;
			sourceTree = "<group>";
		};
		B47601E51D38000800BEBDAD = {
			isa = PBXGroup;
			children = (
				B47601F01D38000800BEBDAD /* Prioriti */,
				B47601EF1D38000800BEBDAD /* Products */,
				C6054103E60762CC13DFD0D7 /* Pods */,
				6CEE9C0E8345022F5517FD57 /* Frameworks */,
			);
			sourceTree = "<group>";
		};
		B47601EF1D38000800BEBDAD /* Products */ = {
			isa = PBXGroup;
			children = (
				B47601EE1D38000800BEBDAD /* Prioriti.app */,
			);
			name = Products;
			sourceTree = "<group>";
		};
		B47601F01D38000800BEBDAD /* Prioriti */ = {
			isa = PBXGroup;
			children = (
				B4869A411D429E71006184B8 /* DataModel */,
				B4CCD57C1D40887C00B97EAE /* Helpers */,
				B465196E1D3818DE0066E78B /* CellView */,
				B4C3B4191D3FE06500F4D0E3 /* EventViewControllers */,
				B465196D1D3818B90066E78B /* ViewControllers */,
				B44653AD1D5270EC0035FCEA /* TableView */,
				B47601F51D38000800BEBDAD /* Main.storyboard */,
				B43CC08E1D4BCC41003908A4 /* Prioriti-Bridging-Header.h */,
				B47601F81D38000800BEBDAD /* Assets.xcassets */,
				B47601FA1D38000800BEBDAD /* LaunchScreen.storyboard */,
				B47601F11D38000800BEBDAD /* AppDelegate.swift */,
				B47601FD1D38000800BEBDAD /* Info.plist */,
			);
			path = Prioriti;
			sourceTree = "<group>";
		};
		B4869A411D429E71006184B8 /* DataModel */ = {
			isa = PBXGroup;
			children = (
				B44653C61D53E2F50035FCEA /* Event.swift */,
			);
			path = DataModel;
			sourceTree = "<group>";
		};
		B4C3B4191D3FE06500F4D0E3 /* EventViewControllers */ = {
			isa = PBXGroup;
			children = (
				B44653BA1D53E2300035FCEA /* HomeworkViewController.swift */,
				B44653BB1D53E2300035FCEA /* TestViewController.swift */,
				B44653BC1D53E2300035FCEA /* EventViewController.swift */,
				B44653B81D53E1D80035FCEA /* AddController.swift */,
			);
			path = EventViewControllers;
			sourceTree = "<group>";
		};
		B4CCD57C1D40887C00B97EAE /* Helpers */ = {
			isa = PBXGroup;
			children = (
				B44653C41D53E2ED0035FCEA /* EventHelper.swift */,
			);
			path = Helpers;
			sourceTree = "<group>";
		};
		C6054103E60762CC13DFD0D7 /* Pods */ = {
			isa = PBXGroup;
			children = (
				19BE867DBF527C33D1B578E8 /* Pods-Prioriti.debug.xcconfig */,
				68D59722AE1158EC88C32152 /* Pods-Prioriti.release.xcconfig */,
			);
			name = Pods;
			sourceTree = "<group>";
		};
/* End PBXGroup section */

/* Begin PBXNativeTarget section */
		B47601ED1D38000800BEBDAD /* Prioriti */ = {
			isa = PBXNativeTarget;
			buildConfigurationList = B47602001D38000800BEBDAD /* Build configuration list for PBXNativeTarget "Prioriti" */;
			buildPhases = (
				28A1D6112CFB22EC9D96E278 /* [CP] Check Pods Manifest.lock */,
				B47601EA1D38000800BEBDAD /* Sources */,
				B47601EB1D38000800BEBDAD /* Frameworks */,
				B47601EC1D38000800BEBDAD /* Resources */,
				BF8AA8235DA2E7CBA3781CE4 /* [CP] Embed Pods Frameworks */,
				B37F3EB1F5E5669EAFACF192 /* [CP] Copy Pods Resources */,
			);
			buildRules = (
			);
			dependencies = (
			);
			name = Prioriti;
			productName = Prioriti;
			productReference = B47601EE1D38000800BEBDAD /* Prioriti.app */;
			productType = "com.apple.product-type.application";
		};
/* End PBXNativeTarget section */

/* Begin PBXProject section */
		B47601E61D38000800BEBDAD /* Project object */ = {
			isa = PBXProject;
			attributes = {
				LastSwiftUpdateCheck = 0730;
				LastUpgradeCheck = 0730;
				ORGANIZATIONNAME = com.erickim;
				TargetAttributes = {
					B47601ED1D38000800BEBDAD = {
						CreatedOnToolsVersion = 7.3.1;
						DevelopmentTeam = NFY2SUVBB7;
					};
				};
			};
			buildConfigurationList = B47601E91D38000800BEBDAD /* Build configuration list for PBXProject "Prioriti" */;
			compatibilityVersion = "Xcode 3.2";
			developmentRegion = English;
			hasScannedForEncodings = 0;
			knownRegions = (
				en,
				Base,
			);
			mainGroup = B47601E51D38000800BEBDAD;
			productRefGroup = B47601EF1D38000800BEBDAD /* Products */;
			projectDirPath = "";
			projectRoot = "";
			targets = (
				B47601ED1D38000800BEBDAD /* Prioriti */,
			);
		};
/* End PBXProject section */

/* Begin PBXResourcesBuildPhase section */
		B47601EC1D38000800BEBDAD /* Resources */ = {
			isa = PBXResourcesBuildPhase;
			buildActionMask = 2147483647;
			files = (
				B44653B51D53E1840035FCEA /* CellView.xib in Resources */,
				B47601FC1D38000800BEBDAD /* LaunchScreen.storyboard in Resources */,
				B47601F91D38000800BEBDAD /* Assets.xcassets in Resources */,
				B47601F71D38000800BEBDAD /* Main.storyboard in Resources */,
			);
			runOnlyForDeploymentPostprocessing = 0;
		};
/* End PBXResourcesBuildPhase section */

/* Begin PBXShellScriptBuildPhase section */
		28A1D6112CFB22EC9D96E278 /* [CP] Check Pods Manifest.lock */ = {
			isa = PBXShellScriptBuildPhase;
			buildActionMask = 2147483647;
			files = (
			);
			inputPaths = (
			);
			name = "[CP] Check Pods Manifest.lock";
			outputPaths = (
			);
			runOnlyForDeploymentPostprocessing = 0;
			shellPath = /bin/sh;
			shellScript = "diff \"${PODS_ROOT}/../Podfile.lock\" \"${PODS_ROOT}/Manifest.lock\" > /dev/null\nif [[ $? != 0 ]] ; then\n    cat << EOM\nerror: The sandbox is not in sync with the Podfile.lock. Run 'pod install' or update your CocoaPods installation.\nEOM\n    exit 1\nfi\n";
			showEnvVarsInLog = 0;
		};
		B37F3EB1F5E5669EAFACF192 /* [CP] Copy Pods Resources */ = {
			isa = PBXShellScriptBuildPhase;
			buildActionMask = 2147483647;
			files = (
			);
			inputPaths = (
			);
			name = "[CP] Copy Pods Resources";
			outputPaths = (
			);
			runOnlyForDeploymentPostprocessing = 0;
			shellPath = /bin/sh;
			shellScript = "\"${SRCROOT}/Pods/Target Support Files/Pods-Prioriti/Pods-Prioriti-resources.sh\"\n";
			showEnvVarsInLog = 0;
		};
		BF8AA8235DA2E7CBA3781CE4 /* [CP] Embed Pods Frameworks */ = {
			isa = PBXShellScriptBuildPhase;
			buildActionMask = 2147483647;
			files = (
			);
			inputPaths = (
			);
			name = "[CP] Embed Pods Frameworks";
			outputPaths = (
			);
			runOnlyForDeploymentPostprocessing = 0;
			shellPath = /bin/sh;
			shellScript = "\"${SRCROOT}/Pods/Target Support Files/Pods-Prioriti/Pods-Prioriti-frameworks.sh\"\n";
			showEnvVarsInLog = 0;
		};
/* End PBXShellScriptBuildPhase section */

/* Begin PBXSourcesBuildPhase section */
		B47601EA1D38000800BEBDAD /* Sources */ = {
			isa = PBXSourcesBuildPhase;
			buildActionMask = 2147483647;
			files = (
				B44653BE1D53E2300035FCEA /* TestViewController.swift in Sources */,
				B44653B31D53E1790035FCEA /* AnimationClass.swift in Sources */,
				B44653AF1D5271450035FCEA /* EmptyTableViewController.swift in Sources */,
				B44653C71D53E2F50035FCEA /* Event.swift in Sources */,
				B44653C11D53E2970035FCEA /* PlanController.swift in Sources */,
				B44653B91D53E1D80035FCEA /* AddController.swift in Sources */,
				B44653C91D53E3100035FCEA /* EventsTableViewCell.swift in Sources */,
				B44653BD1D53E2300035FCEA /* HomeworkViewController.swift in Sources */,
				B44653B71D53E18B0035FCEA /* CodeCellView.swift in Sources */,
				B44653C51D53E2ED0035FCEA /* EventHelper.swift in Sources */,
				B44653B11D53E1550035FCEA /* CellView.swift in Sources */,
				B47601F21D38000800BEBDAD /* AppDelegate.swift in Sources */,
				B44653C31D53E29F0035FCEA /* TaskController.swift in Sources */,
				B44653BF1D53E2300035FCEA /* EventViewController.swift in Sources */,
			);
			runOnlyForDeploymentPostprocessing = 0;
		};
/* End PBXSourcesBuildPhase section */

/* Begin PBXVariantGroup section */
		B47601F51D38000800BEBDAD /* Main.storyboard */ = {
			isa = PBXVariantGroup;
			children = (
				B47601F61D38000800BEBDAD /* Base */,
			);
			name = Main.storyboard;
			sourceTree = "<group>";
		};
		B47601FA1D38000800BEBDAD /* LaunchScreen.storyboard */ = {
			isa = PBXVariantGroup;
			children = (
				B47601FB1D38000800BEBDAD /* Base */,
			);
			name = LaunchScreen.storyboard;
			sourceTree = "<group>";
		};
/* End PBXVariantGroup section */

/* Begin XCBuildConfiguration section */
		B47601FE1D38000800BEBDAD /* Debug */ = {
			isa = XCBuildConfiguration;
			buildSettings = {
				ALWAYS_SEARCH_USER_PATHS = NO;
				CLANG_ANALYZER_NONNULL = YES;
				CLANG_CXX_LANGUAGE_STANDARD = "gnu++0x";
				CLANG_CXX_LIBRARY = "libc++";
				CLANG_ENABLE_MODULES = YES;
				CLANG_ENABLE_OBJC_ARC = YES;
				CLANG_WARN_BOOL_CONVERSION = YES;
				CLANG_WARN_CONSTANT_CONVERSION = YES;
				CLANG_WARN_DIRECT_OBJC_ISA_USAGE = YES_ERROR;
				CLANG_WARN_EMPTY_BODY = YES;
				CLANG_WARN_ENUM_CONVERSION = YES;
				CLANG_WARN_INT_CONVERSION = YES;
				CLANG_WARN_OBJC_ROOT_CLASS = YES_ERROR;
				CLANG_WARN_UNREACHABLE_CODE = YES;
				CLANG_WARN__DUPLICATE_METHOD_MATCH = YES;
				"CODE_SIGN_IDENTITY[sdk=iphoneos*]" = "iPhone Developer";
				COPY_PHASE_STRIP = NO;
				DEBUG_INFORMATION_FORMAT = dwarf;
				ENABLE_STRICT_OBJC_MSGSEND = YES;
				ENABLE_TESTABILITY = YES;
				GCC_C_LANGUAGE_STANDARD = gnu99;
				GCC_DYNAMIC_NO_PIC = NO;
				GCC_NO_COMMON_BLOCKS = YES;
				GCC_OPTIMIZATION_LEVEL = 0;
				GCC_PREPROCESSOR_DEFINITIONS = (
					"DEBUG=1",
					"$(inherited)",
				);
				GCC_WARN_64_TO_32_BIT_CONVERSION = YES;
				GCC_WARN_ABOUT_RETURN_TYPE = YES_ERROR;
				GCC_WARN_UNDECLARED_SELECTOR = YES;
				GCC_WARN_UNINITIALIZED_AUTOS = YES_AGGRESSIVE;
				GCC_WARN_UNUSED_FUNCTION = YES;
				GCC_WARN_UNUSED_VARIABLE = YES;
				IPHONEOS_DEPLOYMENT_TARGET = 9.3;
				MTL_ENABLE_DEBUG_INFO = YES;
				ONLY_ACTIVE_ARCH = YES;
				SDKROOT = iphoneos;
				SWIFT_OPTIMIZATION_LEVEL = "-Onone";
				TARGETED_DEVICE_FAMILY = "1,2";
			};
			name = Debug;
		};
		B47601FF1D38000800BEBDAD /* Release */ = {
			isa = XCBuildConfiguration;
			buildSettings = {
				ALWAYS_SEARCH_USER_PATHS = NO;
				CLANG_ANALYZER_NONNULL = YES;
				CLANG_CXX_LANGUAGE_STANDARD = "gnu++0x";
				CLANG_CXX_LIBRARY = "libc++";
				CLANG_ENABLE_MODULES = YES;
				CLANG_ENABLE_OBJC_ARC = YES;
				CLANG_WARN_BOOL_CONVERSION = YES;
				CLANG_WARN_CONSTANT_CONVERSION = YES;
				CLANG_WARN_DIRECT_OBJC_ISA_USAGE = YES_ERROR;
				CLANG_WARN_EMPTY_BODY = YES;
				CLANG_WARN_ENUM_CONVERSION = YES;
				CLANG_WARN_INT_CONVERSION = YES;
				CLANG_WARN_OBJC_ROOT_CLASS = YES_ERROR;
				CLANG_WARN_UNREACHABLE_CODE = YES;
				CLANG_WARN__DUPLICATE_METHOD_MATCH = YES;
				"CODE_SIGN_IDENTITY[sdk=iphoneos*]" = "iPhone Developer";
				COPY_PHASE_STRIP = NO;
				DEBUG_INFORMATION_FORMAT = "dwarf-with-dsym";
				ENABLE_NS_ASSERTIONS = NO;
				ENABLE_STRICT_OBJC_MSGSEND = YES;
				GCC_C_LANGUAGE_STANDARD = gnu99;
				GCC_NO_COMMON_BLOCKS = YES;
				GCC_WARN_64_TO_32_BIT_CONVERSION = YES;
				GCC_WARN_ABOUT_RETURN_TYPE = YES_ERROR;
				GCC_WARN_UNDECLARED_SELECTOR = YES;
				GCC_WARN_UNINITIALIZED_AUTOS = YES_AGGRESSIVE;
				GCC_WARN_UNUSED_FUNCTION = YES;
				GCC_WARN_UNUSED_VARIABLE = YES;
				IPHONEOS_DEPLOYMENT_TARGET = 9.3;
				MTL_ENABLE_DEBUG_INFO = NO;
				SDKROOT = iphoneos;
				TARGETED_DEVICE_FAMILY = "1,2";
				VALIDATE_PRODUCT = YES;
			};
			name = Release;
		};
		B47602011D38000800BEBDAD /* Debug */ = {
			isa = XCBuildConfiguration;
			baseConfigurationReference = 19BE867DBF527C33D1B578E8 /* Pods-Prioriti.debug.xcconfig */;
			buildSettings = {
				ASSETCATALOG_COMPILER_APPICON_NAME = AppIcon;
				CODE_SIGN_IDENTITY = "iPhone Developer";
				"CODE_SIGN_IDENTITY[sdk=iphoneos*]" = "iPhone Developer";
				INFOPLIST_FILE = Prioriti/Info.plist;
				LD_RUNPATH_SEARCH_PATHS = "$(inherited) @executable_path/Frameworks";
				PRODUCT_BUNDLE_IDENTIFIER = io.erickim.Prioriti;
				PRODUCT_NAME = "$(TARGET_NAME)";
				PROVISIONING_PROFILE = "";
				SWIFT_OBJC_BRIDGING_HEADER = "Prioriti/Prioriti-Bridging-Header.h";
			};
			name = Debug;
		};
		B47602021D38000800BEBDAD /* Release */ = {
			isa = XCBuildConfiguration;
			baseConfigurationReference = 68D59722AE1158EC88C32152 /* Pods-Prioriti.release.xcconfig */;
			buildSettings = {
				ASSETCATALOG_COMPILER_APPICON_NAME = AppIcon;
				CODE_SIGN_IDENTITY = "iPhone Developer";
				"CODE_SIGN_IDENTITY[sdk=iphoneos*]" = "iPhone Developer";
				INFOPLIST_FILE = Prioriti/Info.plist;
				LD_RUNPATH_SEARCH_PATHS = "$(inherited) @executable_path/Frameworks";
				PRODUCT_BUNDLE_IDENTIFIER = io.erickim.Prioriti;
				PRODUCT_NAME = "$(TARGET_NAME)";
				PROVISIONING_PROFILE = "";
				SWIFT_OBJC_BRIDGING_HEADER = "Prioriti/Prioriti-Bridging-Header.h";
			};
			name = Release;
		};
/* End XCBuildConfiguration section */

/* Begin XCConfigurationList section */
		B47601E91D38000800BEBDAD /* Build configuration list for PBXProject "Prioriti" */ = {
			isa = XCConfigurationList;
			buildConfigurations = (
				B47601FE1D38000800BEBDAD /* Debug */,
				B47601FF1D38000800BEBDAD /* Release */,
			);
			defaultConfigurationIsVisible = 0;
			defaultConfigurationName = Release;
		};
		B47602001D38000800BEBDAD /* Build configuration list for PBXNativeTarget "Prioriti" */ = {
			isa = XCConfigurationList;
			buildConfigurations = (
				B47602011D38000800BEBDAD /* Debug */,
				B47602021D38000800BEBDAD /* Release */,
			);
			defaultConfigurationIsVisible = 0;
			defaultConfigurationName = Release;
		};
/* End XCConfigurationList section */
	};
	rootObject = B47601E61D38000800BEBDAD /* Project object */;
}
